
Microsoft Visual Studio Solution File, Format Version 12.00
# Visual Studio Version 16
VisualStudioVersion = 16.0.29503.13
MinimumVisualStudioVersion = 10.0.40219.1
Project("{FAE04EC0-301F-11D3-BF4B-00C04F79EFBC}") = "AdvancedProject1.0", "AdvancedProject1.0\AdvancedProject1.0.csproj", "{244CF160-B3A7-4447-BB50-5B4589AF8274}"
EndProject
Global
	GlobalSection(SolutionConfigurationPlatforms) = preSolution
		Debug|Any CPU = Debug|Any CPU
		Release|Any CPU = Release|Any CPU
	EndGlobalSection
	GlobalSection(ProjectConfigurationPlatforms) = postSolution
		{244CF160-B3A7-4447-BB50-5B4589AF8274}.Debug|Any CPU.ActiveCfg = Debug|Any CPU
		{244CF160-B3A7-4447-BB50-5B4589AF8274}.Debug|Any CPU.Build.0 = Debug|Any CPU
		{244CF160-B3A7-4447-BB50-5B4589AF8274}.Release|Any CPU.ActiveCfg = Release|Any CPU
		{244CF160-B3A7-4447-BB50-5B4589AF8274}.Release|Any CPU.Build.0 = Release|Any CPU
	EndGlobalSection
	GlobalSection(SolutionProperties) = preSolution
		HideSolutionNode = FALSE
	EndGlobalSection
	GlobalSection(ExtensibilityGlobals) = postSolution
		SolutionGuid = {3D72269A-C36B-416A-8044-3B78C460825B}
	EndGlobalSection
EndGlobal
